Microsoft Visual Studio Solution File, Format Version 9.00
# Visual C++ Express 2005
Project("{8BC9CEB8-8B4A-11D0-8D11-00A0C91BC942}") = "ff_wmv9", "ff_wmv9_2005.vcproj", "{22DA8FA3-50B3-49A9-AFD0-19CAAC924C23}"
EndProject
Global
	GlobalSection(SolutionConfigurationPlatforms) = preSolution
		Debug|Win32 = Debug|Win32
		Release|Win32 = Release|Win32
	EndGlobalSection
	GlobalSection(ProjectConfigurationPlatforms) = postSolution
		{22DA8FA3-50B3-49A9-AFD0-19CAAC924C23}.Debug|Win32.ActiveCfg = Debug|Win32
		{22DA8FA3-50B3-49A9-AFD0-19CAAC924C23}.Debug|Win32.Build.0 = Debug|Win32
		{22DA8FA3-50B3-49A9-AFD0-19CAAC924C23}.Release|Win32.ActiveCfg = Release|Win32
		{22DA8FA3-50B3-49A9-AFD0-19CAAC924C23}.Release|Win32.Build.0 = Release|Win32
	EndGlobalSection
	GlobalSection(SolutionProperties) = preSolution
		HideSolutionNode = FALSE
	EndGlobalSection
EndGlobal
